
Microsoft Visual Studio Solution File, Format Version 12.00
# Visual Studio Version 17
VisualStudioVersion = 17.10.35122.118
MinimumVisualStudioVersion = 10.0.40219.1
Project("{FAE04EC0-301F-11D3-BF4B-00C04F79EFBC}") = "HelloWorld_LastName_FirstName", "HelloWorld_LastName_FirstName.csproj", "{AB187280-5C7F-457B-ABA0-50DFACC861AA}"
EndProject
Global
	GlobalSection(SolutionConfigurationPlatforms) = preSolution
		Debug|Any CPU = Debug|Any CPU
		Release|Any CPU = Release|Any CPU
	EndGlobalSection
	GlobalSection(ProjectConfigurationPlatforms) = postSolution
		{AB187280-5C7F-457B-ABA0-50DFACC861AA}.Debug|Any CPU.ActiveCfg = Debug|Any CPU
		{AB187280-5C7F-457B-ABA0-50DFACC861AA}.Debug|Any CPU.Build.0 = Debug|Any CPU
		{AB187280-5C7F-457B-ABA0-50DFACC861AA}.Release|Any CPU.ActiveCfg = Release|Any CPU
		{AB187280-5C7F-457B-ABA0-50DFACC861AA}.Release|Any CPU.Build.0 = Release|Any CPU
	EndGlobalSection
	GlobalSection(SolutionProperties) = preSolution
		HideSolutionNode = FALSE
	EndGlobalSection
	GlobalSection(ExtensibilityGlobals) = postSolution
		SolutionGuid = {D3341E5A-F684-4CF5-B7C1-E1825F5E4976}
	EndGlobalSection
EndGlobal
